Microsoft Visual Studio Solution File, Format Version 12.00
# Visual Studio Version 17
VisualStudioVersion = 17.8.34322.80
MinimumVisualStudioVersion = 10.0.40219.1
Project("{9A19103F-16F7-4668-BE54-9A1E7A4F7556}") = "QuickPictureViewerPlus", "QuickPictureViewerPlus\QuickPictureViewerPlus.csproj", "{53748C49-255E-424B-B789-5919CEFEF473}"
EndProject
Project("{9A19103F-16F7-4668-BE54-9A1E7A4F7556}") = "QuickLibraryPlus", "QuickLibraryPlus\QuickLibraryPlus\QuickLibraryPlus.csproj", "{FD9D3795-1F5A-4506-A198-6A8410264B3E}"
EndProject
Global
	GlobalSection(SolutionConfigurationPlatforms) = preSolution
		Debug|Any CPU = Debug|Any CPU
		Release|Any CPU = Release|Any CPU
	EndGlobalSection
	GlobalSection(ProjectConfigurationPlatforms) = postSolution
		{53748C49-255E-424B-B789-5919CEFEF473}.Debug|Any CPU.ActiveCfg = Debug|Any CPU
		{53748C49-255E-424B-B789-5919CEFEF473}.Debug|Any CPU.Build.0 = Debug|Any CPU
		{53748C49-255E-424B-B789-5919CEFEF473}.Release|Any CPU.ActiveCfg = Release|Any CPU
		{53748C49-255E-424B-B789-5919CEFEF473}.Release|Any CPU.Build.0 = Release|Any CPU
		{FD9D3795-1F5A-4506-A198-6A8410264B3E}.Debug|Any CPU.ActiveCfg = Debug|Any CPU
		{FD9D3795-1F5A-4506-A198-6A8410264B3E}.Debug|Any CPU.Build.0 = Debug|Any CPU
		{FD9D3795-1F5A-4506-A198-6A8410264B3E}.Release|Any CPU.ActiveCfg = Release|Any CPU
		{FD9D3795-1F5A-4506-A198-6A8410264B3E}.Release|Any CPU.Build.0 = Release|Any CPU
	EndGlobalSection
	GlobalSection(SolutionProperties) = preSolution
		HideSolutionNode = FALSE
	EndGlobalSection
	GlobalSection(ExtensibilityGlobals) = postSolution
		SolutionGuid = {9C6BF78D-3C2A-4EFF-9B91-7A12ECA7865A}
	EndGlobalSection
EndGlobal
